
Microsoft Visual Studio Solution File, Format Version 12.00
Project("{FAE04EC0-301F-11D3-BF4B-00C04F79EFBC}") = "Timesheet.Core", "Src\Timesheet.Core\Timesheet.Core.csproj", "{BF2EFFA5-0157-47F8-98C4-DF0A42BEFE9F}"
EndProject
Project("{FAE04EC0-301F-11D3-BF4B-00C04F79EFBC}") = "Timesheet.Infra", "Src\Timesheet.Infra\Timesheet.Infra.csproj", "{B4DA5B0F-3774-4603-89AA-1610ADC4D71E}"
EndProject
Project("{FAE04EC0-301F-11D3-BF4B-00C04F79EFBC}") = "Timesheet.API", "Src\Timesheet.API\Timesheet.API.csproj", "{1C188C12-6A8E-421F-B656-3131847E22E1}"
EndProject
Project("{FAE04EC0-301F-11D3-BF4B-00C04F79EFBC}") = "Timesheet.Tests", "Tests\Timesheet.Tests\Timesheet.Tests.csproj", "{C6AD1907-D9C4-49A9-9C70-26A9A0FE5DAF}"
EndProject
Project("{FAE04EC0-301F-11D3-BF4B-00C04F79EFBC}") = "Timesheet.UI", "Src\Timesheet.UI\Timesheet.UI.csproj", "{531D61D1-334B-46E7-B866-E1596C2EA1CF}"
EndProject
Project("{2150E333-8FDC-42A3-9474-1A3956D46DE8}") = "Core", "Core", "{EE4903AE-6357-4B88-AF86-A6B8521553C7}"
EndProject
Project("{2150E333-8FDC-42A3-9474-1A3956D46DE8}") = "API", "API", "{596A61BC-B33A-4B30-8C7F-F93B193EF7BD}"
EndProject
Project("{2150E333-8FDC-42A3-9474-1A3956D46DE8}") = "Infrastructure", "Infrastructure", "{9AF91F3E-BB94-4BAE-8EEE-677C07BAA0D1}"
EndProject
Project("{2150E333-8FDC-42A3-9474-1A3956D46DE8}") = "UI", "UI", "{EFCCFFC3-8DD1-4BEC-BA56-4FC23AC0680D}"
EndProject
Project("{2150E333-8FDC-42A3-9474-1A3956D46DE8}") = "Tests", "Tests", "{32229BE6-0AB5-4658-8F42-17933FCCA63A}"
EndProject
Global
	GlobalSection(SolutionConfigurationPlatforms) = preSolution
		Debug|Any CPU = Debug|Any CPU
		Release|Any CPU = Release|Any CPU
	EndGlobalSection
	GlobalSection(ProjectConfigurationPlatforms) = postSolution
		{BF2EFFA5-0157-47F8-98C4-DF0A42BEFE9F}.Debug|Any CPU.ActiveCfg = Debug|Any CPU
		{BF2EFFA5-0157-47F8-98C4-DF0A42BEFE9F}.Debug|Any CPU.Build.0 = Debug|Any CPU
		{BF2EFFA5-0157-47F8-98C4-DF0A42BEFE9F}.Release|Any CPU.ActiveCfg = Release|Any CPU
		{BF2EFFA5-0157-47F8-98C4-DF0A42BEFE9F}.Release|Any CPU.Build.0 = Release|Any CPU
		{B4DA5B0F-3774-4603-89AA-1610ADC4D71E}.Debug|Any CPU.ActiveCfg = Debug|Any CPU
		{B4DA5B0F-3774-4603-89AA-1610ADC4D71E}.Debug|Any CPU.Build.0 = Debug|Any CPU
		{B4DA5B0F-3774-4603-89AA-1610ADC4D71E}.Release|Any CPU.ActiveCfg = Release|Any CPU
		{B4DA5B0F-3774-4603-89AA-1610ADC4D71E}.Release|Any CPU.Build.0 = Release|Any CPU
		{1C188C12-6A8E-421F-B656-3131847E22E1}.Debug|Any CPU.ActiveCfg = Debug|Any CPU
		{1C188C12-6A8E-421F-B656-3131847E22E1}.Debug|Any CPU.Build.0 = Debug|Any CPU
		{1C188C12-6A8E-421F-B656-3131847E22E1}.Release|Any CPU.ActiveCfg = Release|Any CPU
		{1C188C12-6A8E-421F-B656-3131847E22E1}.Release|Any CPU.Build.0 = Release|Any CPU
		{C6AD1907-D9C4-49A9-9C70-26A9A0FE5DAF}.Debug|Any CPU.ActiveCfg = Debug|Any CPU
		{C6AD1907-D9C4-49A9-9C70-26A9A0FE5DAF}.Debug|Any CPU.Build.0 = Debug|Any CPU
		{C6AD1907-D9C4-49A9-9C70-26A9A0FE5DAF}.Release|Any CPU.ActiveCfg = Release|Any CPU
		{C6AD1907-D9C4-49A9-9C70-26A9A0FE5DAF}.Release|Any CPU.Build.0 = Release|Any CPU
		{531D61D1-334B-46E7-B866-E1596C2EA1CF}.Debug|Any CPU.ActiveCfg = Debug|Any CPU
		{531D61D1-334B-46E7-B866-E1596C2EA1CF}.Debug|Any CPU.Build.0 = Debug|Any CPU
		{531D61D1-334B-46E7-B866-E1596C2EA1CF}.Release|Any CPU.ActiveCfg = Release|Any CPU
		{531D61D1-334B-46E7-B866-E1596C2EA1CF}.Release|Any CPU.Build.0 = Release|Any CPU
	EndGlobalSection
	GlobalSection(NestedProjects) = preSolution
		{BF2EFFA5-0157-47F8-98C4-DF0A42BEFE9F} = {EE4903AE-6357-4B88-AF86-A6B8521553C7}
		{1C188C12-6A8E-421F-B656-3131847E22E1} = {596A61BC-B33A-4B30-8C7F-F93B193EF7BD}
		{B4DA5B0F-3774-4603-89AA-1610ADC4D71E} = {9AF91F3E-BB94-4BAE-8EEE-677C07BAA0D1}
		{531D61D1-334B-46E7-B866-E1596C2EA1CF} = {EFCCFFC3-8DD1-4BEC-BA56-4FC23AC0680D}
		{C6AD1907-D9C4-49A9-9C70-26A9A0FE5DAF} = {32229BE6-0AB5-4658-8F42-17933FCCA63A}
	EndGlobalSection
EndGlobal
